
Microsoft Visual Studio Solution File, Format Version 12.00
# Visual Studio Version 17
VisualStudioVersion = 17.6.33829.357
MinimumVisualStudioVersion = 10.0.40219.1
Project("{FAE04EC0-301F-11D3-BF4B-00C04F79EFBC}") = "SodukoSolver", "SodukoSolver.csproj", "{F879B5B6-B26D-4577-88D2-C4FDDBE1F82E}"
EndProject
Global
	GlobalSection(SolutionConfigurationPlatforms) = preSolution
		Debug|Any CPU = Debug|Any CPU
		Release|Any CPU = Release|Any CPU
	EndGlobalSection
	GlobalSection(ProjectConfigurationPlatforms) = postSolution
		{F879B5B6-B26D-4577-88D2-C4FDDBE1F82E}.Debug|Any CPU.ActiveCfg = Debug|Any CPU
		{F879B5B6-B26D-4577-88D2-C4FDDBE1F82E}.Debug|Any CPU.Build.0 = Debug|Any CPU
		{F879B5B6-B26D-4577-88D2-C4FDDBE1F82E}.Release|Any CPU.ActiveCfg = Release|Any CPU
		{F879B5B6-B26D-4577-88D2-C4FDDBE1F82E}.Release|Any CPU.Build.0 = Release|Any CPU
	EndGlobalSection
	GlobalSection(SolutionProperties) = preSolution
		HideSolutionNode = FALSE
	EndGlobalSection
	GlobalSection(ExtensibilityGlobals) = postSolution
		SolutionGuid = {A31E1ED0-5F0F-4762-A4DE-0DF7F0677F54}
	EndGlobalSection
EndGlobal
